
Microsoft Visual Studio Solution File, Format Version 12.00
# Visual Studio Version 17
VisualStudioVersion = 17.4.33403.182
MinimumVisualStudioVersion = 10.0.40219.1
Project("{FAE04EC0-301F-11D3-BF4B-00C04F79EFBC}") = "ZodiacSign", "ZodiacSign.csproj", "{73E72F33-7626-4BAA-98F4-B3313C4DEAB4}"
EndProject
Global
	GlobalSection(SolutionConfigurationPlatforms) = preSolution
		Debug|Any CPU = Debug|Any CPU
		Release|Any CPU = Release|Any CPU
	EndGlobalSection
	GlobalSection(ProjectConfigurationPlatforms) = postSolution
		{73E72F33-7626-4BAA-98F4-B3313C4DEAB4}.Debug|Any CPU.ActiveCfg = Debug|Any CPU
		{73E72F33-7626-4BAA-98F4-B3313C4DEAB4}.Debug|Any CPU.Build.0 = Debug|Any CPU
		{73E72F33-7626-4BAA-98F4-B3313C4DEAB4}.Release|Any CPU.ActiveCfg = Release|Any CPU
		{73E72F33-7626-4BAA-98F4-B3313C4DEAB4}.Release|Any CPU.Build.0 = Release|Any CPU
	EndGlobalSection
	GlobalSection(SolutionProperties) = preSolution
		HideSolutionNode = FALSE
	EndGlobalSection
	GlobalSection(ExtensibilityGlobals) = postSolution
		SolutionGuid = {C0846236-21A2-44B8-A505-7503616C204C}
	EndGlobalSection
EndGlobal
